
Microsoft Visual Studio Solution File, Format Version 12.00
# Visual Studio Version 17
VisualStudioVersion = 17.11.35312.102
MinimumVisualStudioVersion = 10.0.40219.1
Project("{888888A0-9F3D-457C-B088-3A5042F75D52}") = "django1", "django1\django1.pyproj", "{CAC30DC8-C8CC-4660-A533-3D9E1DCB4FEC}"
EndProject
Global
	GlobalSection(SolutionConfigurationPlatforms) = preSolution
		Debug|Any CPU = Debug|Any CPU
		Release|Any CPU = Release|Any CPU
	EndGlobalSection
	GlobalSection(ProjectConfigurationPlatforms) = postSolution
		{CAC30DC8-C8CC-4660-A533-3D9E1DCB4FEC}.Debug|Any CPU.ActiveCfg = Debug|Any CPU
		{CAC30DC8-C8CC-4660-A533-3D9E1DCB4FEC}.Release|Any CPU.ActiveCfg = Release|Any CPU
	EndGlobalSection
	GlobalSection(SolutionProperties) = preSolution
		HideSolutionNode = FALSE
	EndGlobalSection
	GlobalSection(ExtensibilityGlobals) = postSolution
		SolutionGuid = {DF98D807-790B-4267-A04F-7BE1DC1DC768}
	EndGlobalSection
EndGlobal
